
Microsoft Visual Studio Solution File, Format Version 12.00
# Visual Studio Version 17
VisualStudioVersion = 17.5.33530.505
MinimumVisualStudioVersion = 10.0.40219.1
Project("{00D1A9C2-B5F0-4AF3-8072-F6C62B433612}") = "SQL Fundamentals", "SQL Fundamentals\SQL Fundamentals.sqlproj", "{765DCE15-695E-4FFE-B30A-C61DF712D90B}"
EndProject
Global
	GlobalSection(SolutionConfigurationPlatforms) = preSolution
		Debug|Any CPU = Debug|Any CPU
		Release|Any CPU = Release|Any CPU
	EndGlobalSection
	GlobalSection(ProjectConfigurationPlatforms) = postSolution
		{765DCE15-695E-4FFE-B30A-C61DF712D90B}.Debug|Any CPU.ActiveCfg = Debug|Any CPU
		{765DCE15-695E-4FFE-B30A-C61DF712D90B}.Debug|Any CPU.Build.0 = Debug|Any CPU
		{765DCE15-695E-4FFE-B30A-C61DF712D90B}.Debug|Any CPU.Deploy.0 = Debug|Any CPU
		{765DCE15-695E-4FFE-B30A-C61DF712D90B}.Release|Any CPU.ActiveCfg = Release|Any CPU
		{765DCE15-695E-4FFE-B30A-C61DF712D90B}.Release|Any CPU.Build.0 = Release|Any CPU
		{765DCE15-695E-4FFE-B30A-C61DF712D90B}.Release|Any CPU.Deploy.0 = Release|Any CPU
	EndGlobalSection
	GlobalSection(SolutionProperties) = preSolution
		HideSolutionNode = FALSE
	EndGlobalSection
	GlobalSection(ExtensibilityGlobals) = postSolution
		SolutionGuid = {C5BF38A0-8F81-4969-BA55-C0610CDD2FAC}
	EndGlobalSection
EndGlobal
