
Microsoft Visual Studio Solution File, Format Version 12.00
# Visual Studio Version 16
VisualStudioVersion = 25.0.1705.6
MinimumVisualStudioVersion = 10.0.40219.1
Project("{FAE04EC0-301F-11D3-BF4B-00C04F79EFBC}") = "Reflection-V2", "Reflection-V2\Reflection-V2.csproj", "{7C1D9700-305C-4912-A220-71DCAB1811F7}"
EndProject
Project("{FAE04EC0-301F-11D3-BF4B-00C04F79EFBC}") = "ConfigurationManager", "ConfigurationManager\ConfigurationManager.csproj", "{0F74BDEC-991D-41AE-8FC4-7E0C9B042F60}"
EndProject
Global
	GlobalSection(SolutionConfigurationPlatforms) = preSolution
		Debug|Any CPU = Debug|Any CPU
		Release|Any CPU = Release|Any CPU
	EndGlobalSection
	GlobalSection(ProjectConfigurationPlatforms) = postSolution
		{7C1D9700-305C-4912-A220-71DCAB1811F7}.Debug|Any CPU.ActiveCfg = Debug|Any CPU
		{7C1D9700-305C-4912-A220-71DCAB1811F7}.Debug|Any CPU.Build.0 = Debug|Any CPU
		{7C1D9700-305C-4912-A220-71DCAB1811F7}.Release|Any CPU.ActiveCfg = Release|Any CPU
		{7C1D9700-305C-4912-A220-71DCAB1811F7}.Release|Any CPU.Build.0 = Release|Any CPU
		{0F74BDEC-991D-41AE-8FC4-7E0C9B042F60}.Debug|Any CPU.ActiveCfg = Debug|Any CPU
		{0F74BDEC-991D-41AE-8FC4-7E0C9B042F60}.Debug|Any CPU.Build.0 = Debug|Any CPU
		{0F74BDEC-991D-41AE-8FC4-7E0C9B042F60}.Release|Any CPU.ActiveCfg = Release|Any CPU
		{0F74BDEC-991D-41AE-8FC4-7E0C9B042F60}.Release|Any CPU.Build.0 = Release|Any CPU
	EndGlobalSection
	GlobalSection(SolutionProperties) = preSolution
		HideSolutionNode = FALSE
	EndGlobalSection
	GlobalSection(ExtensibilityGlobals) = postSolution
		SolutionGuid = {9F061269-BA9B-4E6E-B818-06014A1D7E68}
	EndGlobalSection
EndGlobal
